// !$*UTF8*$!
{
	archiveVersion = 1;
	classes = {
	};
	objectVersion = 50;
	objects = {

/* Begin PBXBuildFile section */
		3251D06BA3163D9F1E63CA1A /* libPods-SaleAppTests.a in Frameworks */ = {isa = PBXBuildFile; fileRef = 44A0809B5EF81F2200E4C817 /* libPods-SaleAppTests.a */; };
		5817C30521C5DF5F003B8D22 /* AppDelegate.m in Sources */ = {isa = PBXBuildFile; fileRef = 5817C30421C5DF5F003B8D22 /* AppDelegate.m */; };
		5817C30821C5DF5F003B8D22 /* ViewController.m in Sources */ = {isa = PBXBuildFile; fileRef = 5817C30721C5DF5F003B8D22 /* ViewController.m */; };
		5817C30B21C5DF5F003B8D22 /* Main.storyboard in Resources */ = {isa = PBXBuildFile; fileRef = 5817C30921C5DF5F003B8D22 /* Main.storyboard */; };
		5817C30D21C5DF61003B8D22 /* Assets.xcassets in Resources */ = {isa = PBXBuildFile; fileRef = 5817C30C21C5DF61003B8D22 /* Assets.xcassets */; };
		5817C31021C5DF61003B8D22 /* LaunchScreen.storyboard in Resources */ = {isa = PBXBuildFile; fileRef = 5817C30E21C5DF61003B8D22 /* LaunchScreen.storyboard */; };
		5817C31321C5DF61003B8D22 /* main.m in Sources */ = {isa = PBXBuildFile; fileRef = 5817C31221C5DF61003B8D22 /* main.m */; };
		5817C31D21C5DF61003B8D22 /* SaleAppTests.m in Sources */ = {isa = PBXBuildFile; fileRef = 5817C31C21C5DF61003B8D22 /* SaleAppTests.m */; };
		5817C32821C5DF61003B8D22 /* SaleAppUITests.m in Sources */ = {isa = PBXBuildFile; fileRef = 5817C32721C5DF61003B8D22 /* SaleAppUITests.m */; };
		5817C34921C5E4F7003B8D22 /* UIView+capture.m in Sources */ = {isa = PBXBuildFile; fileRef = 5817C33921C5E4F7003B8D22 /* UIView+capture.m */; };
		5817C34A21C5E4F7003B8D22 /* NSDictionary+CheakValue.m in Sources */ = {isa = PBXBuildFile; fileRef = 5817C33B21C5E4F7003B8D22 /* NSDictionary+CheakValue.m */; };
		5817C34B21C5E4F7003B8D22 /* UIIamge+FixOrien.m in Sources */ = {isa = PBXBuildFile; fileRef = 5817C33D21C5E4F7003B8D22 /* UIIamge+FixOrien.m */; };
		5817C34C21C5E4F7003B8D22 /* UIView+KGViewExtend.m in Sources */ = {isa = PBXBuildFile; fileRef = 5817C33E21C5E4F7003B8D22 /* UIView+KGViewExtend.m */; };
		5817C34D21C5E4F7003B8D22 /* UIColor+RGB.m in Sources */ = {isa = PBXBuildFile; fileRef = 5817C34221C5E4F7003B8D22 /* UIColor+RGB.m */; };
		5817C35521C5F4A6003B8D22 /* MainCtr.m in Sources */ = {isa = PBXBuildFile; fileRef = 5817C35421C5F4A6003B8D22 /* MainCtr.m */; };
		5817C36421C5F918003B8D22 /* AnalyzeCtr.m in Sources */ = {isa = PBXBuildFile; fileRef = 5817C36321C5F918003B8D22 /* AnalyzeCtr.m */; };
		5817C36721C5F9A0003B8D22 /* OrderCtr.m in Sources */ = {isa = PBXBuildFile; fileRef = 5817C36621C5F9A0003B8D22 /* OrderCtr.m */; };
		5817C36A21C5F9B9003B8D22 /* PersonCtr.m in Sources */ = {isa = PBXBuildFile; fileRef = 5817C36921C5F9B9003B8D22 /* PersonCtr.m */; };
		5817C36E21C639D1003B8D22 /* HeadView.m in Sources */ = {isa = PBXBuildFile; fileRef = 5817C36D21C639D1003B8D22 /* HeadView.m */; };
		5875022321C6541D00D6108D /* LoginCtr.m in Sources */ = {isa = PBXBuildFile; fileRef = 5875022221C6541C00D6108D /* LoginCtr.m */; };
		84CC1011B21EDC7D4482A04A /* libPods-SaleApp.a in Frameworks */ = {isa = PBXBuildFile; fileRef = 210C9AF8990F211BDD7B195B /* libPods-SaleApp.a */; };
		88CC1CC1180181CDFB4F657E /* libPods-SaleAppUITests.a in Frameworks */ = {isa = PBXBuildFile; fileRef = AC01717E387F2BD652244789 /* libPods-SaleAppUITests.a */; };
/* End PBXBuildFile section */

/* Begin PBXContainerItemProxy section */
		5817C31921C5DF61003B8D22 /* PBXContainerItemProxy */ = {
			isa = PBXContainerItemProxy;
			containerPortal = 5817C2F821C5DF5F003B8D22 /* Project object */;
			proxyType = 1;
			remoteGlobalIDString = 5817C2FF21C5DF5F003B8D22;
			remoteInfo = SaleApp;
		};
		5817C32421C5DF61003B8D22 /* PBXContainerItemProxy */ = {
			isa = PBXContainerItemProxy;
			containerPortal = 5817C2F821C5DF5F003B8D22 /* Project object */;
			proxyType = 1;
			remoteGlobalIDString = 5817C2FF21C5DF5F003B8D22;
			remoteInfo = SaleApp;
		};
/* End PBXContainerItemProxy section */

/* Begin PBXFileReference section */
		0EA0049D221E463FD69A9D74 /* Pods-SaleAppTests.debug.xcconfig */ = {isa = PBXFileReference; includeInIndex = 1; lastKnownFileType = text.xcconfig; name = "Pods-SaleAppTests.debug.xcconfig"; path = "Pods/Target Support Files/Pods-SaleAppTests/Pods-SaleAppTests.debug.xcconfig"; sourceTree = "<group>"; };
		1E596DE85AA3729DABCFC9DD /* Pods-SaleAppUITests.debug.xcconfig */ = {isa = PBXFileReference; includeInIndex = 1; lastKnownFileType = text.xcconfig; name = "Pods-SaleAppUITests.debug.xcconfig"; path = "Pods/Target Support Files/Pods-SaleAppUITests/Pods-SaleAppUITests.debug.xcconfig"; sourceTree = "<group>"; };
		210C9AF8990F211BDD7B195B /* libPods-SaleApp.a */ = {isa = PBXFileReference; explicitFileType = archive.ar; includeInIndex = 0; path = "libPods-SaleApp.a"; sourceTree = BUILT_PRODUCTS_DIR; };
		44A0809B5EF81F2200E4C817 /* libPods-SaleAppTests.a */ = {isa = PBXFileReference; explicitFileType = archive.ar; includeInIndex = 0; path = "libPods-SaleAppTests.a"; sourceTree = BUILT_PRODUCTS_DIR; };
		5817C30021C5DF5F003B8D22 /* SaleApp.app */ = {isa = PBXFileReference; explicitFileType = wrapper.application; includeInIndex = 0; path = SaleApp.app; sourceTree = BUILT_PRODUCTS_DIR; };
		5817C30321C5DF5F003B8D22 /* AppDelegate.h */ = {isa = PBXFileReference; lastKnownFileType = sourcecode.c.h; path = AppDelegate.h; sourceTree = "<group>"; };
		5817C30421C5DF5F003B8D22 /* AppDelegate.m */ = {isa = PBXFileReference; lastKnownFileType = sourcecode.c.objc; path = AppDelegate.m; sourceTree = "<group>"; };
		5817C30621C5DF5F003B8D22 /* ViewController.h */ = {isa = PBXFileReference; lastKnownFileType = sourcecode.c.h; path = ViewController.h; sourceTree = "<group>"; };
		5817C30721C5DF5F003B8D22 /* ViewController.m */ = {isa = PBXFileReference; lastKnownFileType = sourcecode.c.objc; path = ViewController.m; sourceTree = "<group>"; };
		5817C30A21C5DF5F003B8D22 /* Base */ = {isa = PBXFileReference; lastKnownFileType = file.storyboard; name = Base; path = Base.lproj/Main.storyboard; sourceTree = "<group>"; };
		5817C30C21C5DF61003B8D22 /* Assets.xcassets */ = {isa = PBXFileReference; lastKnownFileType = folder.assetcatalog; path = Assets.xcassets; sourceTree = "<group>"; };
		5817C30F21C5DF61003B8D22 /* Base */ = {isa = PBXFileReference; lastKnownFileType = file.storyboard; name = Base; path = Base.lproj/LaunchScreen.storyboard; sourceTree = "<group>"; };
		5817C31121C5DF61003B8D22 /* Info.plist */ = {isa = PBXFileReference; lastKnownFileType = text.plist.xml; path = Info.plist; sourceTree = "<group>"; };
		5817C31221C5DF61003B8D22 /* main.m */ = {isa = PBXFileReference; lastKnownFileType = sourcecode.c.objc; path = main.m; sourceTree = "<group>"; };
		5817C31821C5DF61003B8D22 /* SaleAppTests.xctest */ = {isa = PBXFileReference; explicitFileType = wrapper.cfbundle; includeInIndex = 0; path = SaleAppTests.xctest; sourceTree = BUILT_PRODUCTS_DIR; };
		5817C31C21C5DF61003B8D22 /* SaleAppTests.m */ = {isa = PBXFileReference; lastKnownFileType = sourcecode.c.objc; path = SaleAppTests.m; sourceTree = "<group>"; };
		5817C31E21C5DF61003B8D22 /* Info.plist */ = {isa = PBXFileReference; lastKnownFileType = text.plist.xml; path = Info.plist; sourceTree = "<group>"; };
		5817C32321C5DF61003B8D22 /* SaleAppUITests.xctest */ = {isa = PBXFileReference; explicitFileType = wrapper.cfbundle; includeInIndex = 0; path = SaleAppUITests.xctest; sourceTree = BUILT_PRODUCTS_DIR; };
		5817C32721C5DF61003B8D22 /* SaleAppUITests.m */ = {isa = PBXFileReference; lastKnownFileType = sourcecode.c.objc; path = SaleAppUITests.m; sourceTree = "<group>"; };
		5817C32921C5DF61003B8D22 /* Info.plist */ = {isa = PBXFileReference; lastKnownFileType = text.plist.xml; path = Info.plist; sourceTree = "<group>"; };
		5817C33721C5E4EC003B8D22 /* AppMacro.h */ = {isa = PBXFileReference; fileEncoding = 4; lastKnownFileType = sourcecode.c.h; path = AppMacro.h; sourceTree = "<group>"; };
		5817C33921C5E4F7003B8D22 /* UIView+capture.m */ = {isa = PBXFileReference; fileEncoding = 4; lastKnownFileType = sourcecode.c.objc; path = "UIView+capture.m"; sourceTree = "<group>"; };
		5817C33A21C5E4F7003B8D22 /* UIColor+RGB.h */ = {isa = PBXFileReference; fileEncoding = 4; lastKnownFileType = sourcecode.c.h; path = "UIColor+RGB.h"; sourceTree = "<group>"; };
		5817C33B21C5E4F7003B8D22 /* NSDictionary+CheakValue.m */ = {isa = PBXFileReference; fileEncoding = 4; lastKnownFileType = sourcecode.c.objc; path = "NSDictionary+CheakValue.m"; sourceTree = "<group>"; };
		5817C33D21C5E4F7003B8D22 /* UIIamge+FixOrien.m */ = {isa = PBXFileReference; fileEncoding = 4; lastKnownFileType = sourcecode.c.objc; path = "UIIamge+FixOrien.m"; sourceTree = "<group>"; };
		5817C33E21C5E4F7003B8D22 /* UIView+KGViewExtend.m */ = {isa = PBXFileReference; fileEncoding = 4; lastKnownFileType = sourcecode.c.objc; path = "UIView+KGViewExtend.m"; sourceTree = "<group>"; };
		5817C34121C5E4F7003B8D22 /* NSDictionary+CheakValue.h */ = {isa = PBXFileReference; fileEncoding = 4; lastKnownFileType = sourcecode.c.h; path = "NSDictionary+CheakValue.h"; sourceTree = "<group>"; };
		5817C34221C5E4F7003B8D22 /* UIColor+RGB.m */ = {isa = PBXFileReference; fileEncoding = 4; lastKnownFileType = sourcecode.c.objc; path = "UIColor+RGB.m"; sourceTree = "<group>"; };
		5817C34321C5E4F7003B8D22 /* UIView+capture.h */ = {isa = PBXFileReference; fileEncoding = 4; lastKnownFileType = sourcecode.c.h; path = "UIView+capture.h"; sourceTree = "<group>"; };
		5817C34421C5E4F7003B8D22 /* UIIamge+FixOrien.h */ = {isa = PBXFileReference; fileEncoding = 4; lastKnownFileType = sourcecode.c.h; path = "UIIamge+FixOrien.h"; sourceTree = "<group>"; };
		5817C34821C5E4F7003B8D22 /* UIView+KGViewExtend.h */ = {isa = PBXFileReference; fileEncoding = 4; lastKnownFileType = sourcecode.c.h; path = "UIView+KGViewExtend.h"; sourceTree = "<group>"; };
		5817C35221C5E545003B8D22 /* PrefixHeader.pch */ = {isa = PBXFileReference; lastKnownFileType = sourcecode.c.h; path = PrefixHeader.pch; sourceTree = "<group>"; };
		5817C35321C5F4A6003B8D22 /* MainCtr.h */ = {isa = PBXFileReference; lastKnownFileType = sourcecode.c.h; path = MainCtr.h; sourceTree = "<group>"; };
		5817C35421C5F4A6003B8D22 /* MainCtr.m */ = {isa = PBXFileReference; lastKnownFileType = sourcecode.c.objc; path = MainCtr.m; sourceTree = "<group>"; };
		5817C36221C5F918003B8D22 /* AnalyzeCtr.h */ = {isa = PBXFileReference; lastKnownFileType = sourcecode.c.h; path = AnalyzeCtr.h; sourceTree = "<group>"; };
		5817C36321C5F918003B8D22 /* AnalyzeCtr.m */ = {isa = PBXFileReference; lastKnownFileType = sourcecode.c.objc; path = AnalyzeCtr.m; sourceTree = "<group>"; };
		5817C36521C5F9A0003B8D22 /* OrderCtr.h */ = {isa = PBXFileReference; lastKnownFileType = sourcecode.c.h; path = OrderCtr.h; sourceTree = "<group>"; };
		5817C36621C5F9A0003B8D22 /* OrderCtr.m */ = {isa = PBXFileReference; lastKnownFileType = sourcecode.c.objc; path = OrderCtr.m; sourceTree = "<group>"; };
		5817C36821C5F9B9003B8D22 /* PersonCtr.h */ = {isa = PBXFileReference; lastKnownFileType = sourcecode.c.h; path = PersonCtr.h; sourceTree = "<group>"; };
		5817C36921C5F9B9003B8D22 /* PersonCtr.m */ = {isa = PBXFileReference; lastKnownFileType = sourcecode.c.objc; path = PersonCtr.m; sourceTree = "<group>"; };
		5817C36C21C639D1003B8D22 /* HeadView.h */ = {isa = PBXFileReference; lastKnownFileType = sourcecode.c.h; path = HeadView.h; sourceTree = "<group>"; };
		5817C36D21C639D1003B8D22 /* HeadView.m */ = {isa = PBXFileReference; lastKnownFileType = sourcecode.c.objc; path = HeadView.m; sourceTree = "<group>"; };
		5875022121C6541C00D6108D /* LoginCtr.h */ = {isa = PBXFileReference; lastKnownFileType = sourcecode.c.h; path = LoginCtr.h; sourceTree = "<group>"; };
		5875022221C6541C00D6108D /* LoginCtr.m */ = {isa = PBXFileReference; lastKnownFileType = sourcecode.c.objc; path = LoginCtr.m; sourceTree = "<group>"; };
		7FC2D1CBEB721DCF61B59BF8 /* Pods-SaleApp.debug.xcconfig */ = {isa = PBXFileReference; includeInIndex = 1; lastKnownFileType = text.xcconfig; name = "Pods-SaleApp.debug.xcconfig"; path = "Pods/Target Support Files/Pods-SaleApp/Pods-SaleApp.debug.xcconfig"; sourceTree = "<group>"; };
		AC01717E387F2BD652244789 /* libPods-SaleAppUITests.a */ = {isa = PBXFileReference; explicitFileType = archive.ar; includeInIndex = 0; path = "libPods-SaleAppUITests.a"; sourceTree = BUILT_PRODUCTS_DIR; };
		B4F8385A754CA9643EF55F29 /* Pods-SaleAppUITests.release.xcconfig */ = {isa = PBXFileReference; includeInIndex = 1; lastKnownFileType = text.xcconfig; name = "Pods-SaleAppUITests.release.xcconfig"; path = "Pods/Target Support Files/Pods-SaleAppUITests/Pods-SaleAppUITests.release.xcconfig"; sourceTree = "<group>"; };
		F2FBCB79C6A24A7EE5BEDDD3 /* Pods-SaleAppTests.release.xcconfig */ = {isa = PBXFileReference; includeInIndex = 1; lastKnownFileType = text.xcconfig; name = "Pods-SaleAppTests.release.xcconfig"; path = "Pods/Target Support Files/Pods-SaleAppTests/Pods-SaleAppTests.release.xcconfig"; sourceTree = "<group>"; };
		F8AD68BD1921E39EAE89BFB8 /* Pods-SaleApp.release.xcconfig */ = {isa = PBXFileReference; includeInIndex = 1; lastKnownFileType = text.xcconfig; name = "Pods-SaleApp.release.xcconfig"; path = "Pods/Target Support Files/Pods-SaleApp/Pods-SaleApp.release.xcconfig"; sourceTree = "<group>"; };
/* End PBXFileReference section */

/* Begin PBXFrameworksBuildPhase section */
		5817C2FD21C5DF5F003B8D22 /* Frameworks */ = {
			isa = PBXFrameworksBuildPhase;
			buildActionMask = 2147483647;
			files = (
				84CC1011B21EDC7D4482A04A /* libPods-SaleApp.a in Frameworks */,
			);
			runOnlyForDeploymentPostprocessing = 0;
		};
		5817C31521C5DF61003B8D22 /* Frameworks */ = {
			isa = PBXFrameworksBuildPhase;
			buildActionMask = 2147483647;
			files = (
				3251D06BA3163D9F1E63CA1A /* libPods-SaleAppTests.a in Frameworks */,
			);
			runOnlyForDeploymentPostprocessing = 0;
		};
		5817C32021C5DF61003B8D22 /* Frameworks */ = {
			isa = PBXFrameworksBuildPhase;
			buildActionMask = 2147483647;
			files = (
				88CC1CC1180181CDFB4F657E /* libPods-SaleAppUITests.a in Frameworks */,
			);
			runOnlyForDeploymentPostprocessing = 0;
		};
/* End PBXFrameworksBuildPhase section */

/* Begin PBXGroup section */
		54380F95831A358DD644D62F /* Pods */ = {
			isa = PBXGroup;
			children = (
				7FC2D1CBEB721DCF61B59BF8 /* Pods-SaleApp.debug.xcconfig */,
				F8AD68BD1921E39EAE89BFB8 /* Pods-SaleApp.release.xcconfig */,
				0EA0049D221E463FD69A9D74 /* Pods-SaleAppTests.debug.xcconfig */,
				F2FBCB79C6A24A7EE5BEDDD3 /* Pods-SaleAppTests.release.xcconfig */,
				1E596DE85AA3729DABCFC9DD /* Pods-SaleAppUITests.debug.xcconfig */,
				B4F8385A754CA9643EF55F29 /* Pods-SaleAppUITests.release.xcconfig */,
			);
			name = Pods;
			sourceTree = "<group>";
		};
		5817C2F721C5DF5F003B8D22 = {
			isa = PBXGroup;
			children = (
				5817C30221C5DF5F003B8D22 /* SaleApp */,
				5817C31B21C5DF61003B8D22 /* SaleAppTests */,
				5817C32621C5DF61003B8D22 /* SaleAppUITests */,
				5817C30121C5DF5F003B8D22 /* Products */,
				54380F95831A358DD644D62F /* Pods */,
				62A6AD99BEE3D9493E17B829 /* Frameworks */,
			);
			sourceTree = "<group>";
		};
		5817C30121C5DF5F003B8D22 /* Products */ = {
			isa = PBXGroup;
			children = (
				5817C30021C5DF5F003B8D22 /* SaleApp.app */,
				5817C31821C5DF61003B8D22 /* SaleAppTests.xctest */,
				5817C32321C5DF61003B8D22 /* SaleAppUITests.xctest */,
			);
			name = Products;
			sourceTree = "<group>";
		};
		5817C30221C5DF5F003B8D22 /* SaleApp */ = {
			isa = PBXGroup;
			children = (
				5817C36B21C639B8003B8D22 /* commView */,
				5817C35121C5E518003B8D22 /* class */,
				5817C33821C5E4F7003B8D22 /* category */,
				5817C33621C5E4EC003B8D22 /* Macro */,
				5817C30321C5DF5F003B8D22 /* AppDelegate.h */,
				5817C30421C5DF5F003B8D22 /* AppDelegate.m */,
				5817C35321C5F4A6003B8D22 /* MainCtr.h */,
				5817C35421C5F4A6003B8D22 /* MainCtr.m */,
				5817C30621C5DF5F003B8D22 /* ViewController.h */,
				5817C30721C5DF5F003B8D22 /* ViewController.m */,
				5817C30921C5DF5F003B8D22 /* Main.storyboard */,
				5817C30C21C5DF61003B8D22 /* Assets.xcassets */,
				5817C30E21C5DF61003B8D22 /* LaunchScreen.storyboard */,
				5817C31121C5DF61003B8D22 /* Info.plist */,
				5817C31221C5DF61003B8D22 /* main.m */,
				5817C35221C5E545003B8D22 /* PrefixHeader.pch */,
			);
			path = SaleApp;
			sourceTree = "<group>";
		};
		5817C31B21C5DF61003B8D22 /* SaleAppTests */ = {
			isa = PBXGroup;
			children = (
				5817C31C21C5DF61003B8D22 /* SaleAppTests.m */,
				5817C31E21C5DF61003B8D22 /* Info.plist */,
			);
			path = SaleAppTests;
			sourceTree = "<group>";
		};
		5817C32621C5DF61003B8D22 /* SaleAppUITests */ = {
			isa = PBXGroup;
			children = (
				5817C32721C5DF61003B8D22 /* SaleAppUITests.m */,
				5817C32921C5DF61003B8D22 /* Info.plist */,
			);
			path = SaleAppUITests;
			sourceTree = "<group>";
		};
		5817C33621C5E4EC003B8D22 /* Macro */ = {
			isa = PBXGroup;
			children = (
				5817C33721C5E4EC003B8D22 /* AppMacro.h */,
			);
			path = Macro;
			sourceTree = "<group>";
		};
		5817C33821C5E4F7003B8D22 /* category */ = {
			isa = PBXGroup;
			children = (
				5817C34121C5E4F7003B8D22 /* NSDictionary+CheakValue.h */,
				5817C33B21C5E4F7003B8D22 /* NSDictionary+CheakValue.m */,
				5817C33A21C5E4F7003B8D22 /* UIColor+RGB.h */,
				5817C34221C5E4F7003B8D22 /* UIColor+RGB.m */,
				5817C34421C5E4F7003B8D22 /* UIIamge+FixOrien.h */,
				5817C33D21C5E4F7003B8D22 /* UIIamge+FixOrien.m */,
				5817C34321C5E4F7003B8D22 /* UIView+capture.h */,
				5817C33921C5E4F7003B8D22 /* UIView+capture.m */,
				5817C34821C5E4F7003B8D22 /* UIView+KGViewExtend.h */,
				5817C33E21C5E4F7003B8D22 /* UIView+KGViewExtend.m */,
			);
			path = category;
			sourceTree = "<group>";
		};
		5817C35121C5E518003B8D22 /* class */ = {
			isa = PBXGroup;
			children = (
				5875022021C6540200D6108D /* login */,
				5817C35821C5F849003B8D22 /* person */,
				5817C35721C5F83B003B8D22 /* order */,
				5817C35621C5F816003B8D22 /* Analyze */,
			);
			path = class;
			sourceTree = "<group>";
		};
		5817C35621C5F816003B8D22 /* Analyze */ = {
			isa = PBXGroup;
			children = (
				5817C35921C5F858003B8D22 /* Ctr */,
				5817C35B21C5F867003B8D22 /* model */,
				5817C35A21C5F860003B8D22 /* view */,
			);
			path = Analyze;
			sourceTree = "<group>";
		};
		5817C35721C5F83B003B8D22 /* order */ = {
			isa = PBXGroup;
			children = (
				5817C35C21C5F86F003B8D22 /* Ctr */,
				5817C35E21C5F881003B8D22 /* model */,
				5817C35D21C5F87C003B8D22 /* view */,
			);
			path = order;
			sourceTree = "<group>";
		};
		5817C35821C5F849003B8D22 /* person */ = {
			isa = PBXGroup;
			children = (
				5817C36021C5F89C003B8D22 /* Ctr */,
				5817C36121C5F8A4003B8D22 /* model */,
				5817C35F21C5F88F003B8D22 /* view */,
			);
			path = person;
			sourceTree = "<group>";
		};
		5817C35921C5F858003B8D22 /* Ctr */ = {
			isa = PBXGroup;
			children = (
				5817C36221C5F918003B8D22 /* AnalyzeCtr.h */,
				5817C36321C5F918003B8D22 /* AnalyzeCtr.m */,
			);
			path = Ctr;
			sourceTree = "<group>";
		};
		5817C35A21C5F860003B8D22 /* view */ = {
			isa = PBXGroup;
			children = (
			);
			path = view;
			sourceTree = "<group>";
		};
		5817C35B21C5F867003B8D22 /* model */ = {
			isa = PBXGroup;
			children = (
			);
			path = model;
			sourceTree = "<group>";
		};
		5817C35C21C5F86F003B8D22 /* Ctr */ = {
			isa = PBXGroup;
			children = (
				5817C36521C5F9A0003B8D22 /* OrderCtr.h */,
				5817C36621C5F9A0003B8D22 /* OrderCtr.m */,
			);
			path = Ctr;
			sourceTree = "<group>";
		};
		5817C35D21C5F87C003B8D22 /* view */ = {
			isa = PBXGroup;
			children = (
			);
			path = view;
			sourceTree = "<group>";
		};
		5817C35E21C5F881003B8D22 /* model */ = {
			isa = PBXGroup;
			children = (
			);
			path = model;
			sourceTree = "<group>";
		};
		5817C35F21C5F88F003B8D22 /* view */ = {
			isa = PBXGroup;
			children = (
			);
			path = view;
			sourceTree = "<group>";
		};
		5817C36021C5F89C003B8D22 /* Ctr */ = {
			isa = PBXGroup;
			children = (
				5817C36821C5F9B9003B8D22 /* PersonCtr.h */,
				5817C36921C5F9B9003B8D22 /* PersonCtr.m */,
			);
			path = Ctr;
			sourceTree = "<group>";
		};
		5817C36121C5F8A4003B8D22 /* model */ = {
			isa = PBXGroup;
			children = (
			);
			name = model;
			path = "New Group";
			sourceTree = "<group>";
		};
		5817C36B21C639B8003B8D22 /* commView */ = {
			isa = PBXGroup;
			children = (
				5817C36C21C639D1003B8D22 /* HeadView.h */,
				5817C36D21C639D1003B8D22 /* HeadView.m */,
			);
			path = commView;
			sourceTree = "<group>";
		};
		5875022021C6540200D6108D /* login */ = {
			isa = PBXGroup;
			children = (
				5875022121C6541C00D6108D /* LoginCtr.h */,
				5875022221C6541C00D6108D /* LoginCtr.m */,
			);
			path = login;
			sourceTree = "<group>";
		};
		62A6AD99BEE3D9493E17B829 /* Frameworks */ = {
			isa = PBXGroup;
			children = (
				210C9AF8990F211BDD7B195B /* libPods-SaleApp.a */,
				44A0809B5EF81F2200E4C817 /* libPods-SaleAppTests.a */,
				AC01717E387F2BD652244789 /* libPods-SaleAppUITests.a */,
			);
			name = Frameworks;
			sourceTree = "<group>";
		};
/* End PBXGroup section */

/* Begin PBXNativeTarget section */
		5817C2FF21C5DF5F003B8D22 /* SaleApp */ = {
			isa = PBXNativeTarget;
			buildConfigurationList = 5817C32C21C5DF61003B8D22 /* Build configuration list for PBXNativeTarget "SaleApp" */;
			buildPhases = (
				21B93D47D59D0E11EB32BD6B /* [CP] Check Pods Manifest.lock */,
				5817C2FC21C5DF5F003B8D22 /* Sources */,
				5817C2FD21C5DF5F003B8D22 /* Frameworks */,
				5817C2FE21C5DF5F003B8D22 /* Resources */,
				3C9722D222D74BB25B7C4F38 /* [CP] Embed Pods Frameworks */,
				49D3F9F7AF79DE42EA62341E /* [CP] Copy Pods Resources */,
			);
			buildRules = (
			);
			dependencies = (
			);
			name = SaleApp;
			productName = SaleApp;
			productReference = 5817C30021C5DF5F003B8D22 /* SaleApp.app */;
			productType = "com.apple.product-type.application";
		};
		5817C31721C5DF61003B8D22 /* SaleAppTests */ = {
			isa = PBXNativeTarget;
			buildConfigurationList = 5817C32F21C5DF61003B8D22 /* Build configuration list for PBXNativeTarget "SaleAppTests" */;
			buildPhases = (
				2D9141680F6222FEB599C6F7 /* [CP] Check Pods Manifest.lock */,
				5817C31421C5DF61003B8D22 /* Sources */,
				5817C31521C5DF61003B8D22 /* Frameworks */,
				5817C31621C5DF61003B8D22 /* Resources */,
				91EAC29BEE1BC3D135233117 /* [CP] Embed Pods Frameworks */,
				00409DE703A92ABDFC5869D4 /* [CP] Copy Pods Resources */,
			);
			buildRules = (
			);
			dependencies = (
				5817C31A21C5DF61003B8D22 /* PBXTargetDependency */,
			);
			name = SaleAppTests;
			productName = SaleAppTests;
			productReference = 5817C31821C5DF61003B8D22 /* SaleAppTests.xctest */;
			productType = "com.apple.product-type.bundle.unit-test";
		};
		5817C32221C5DF61003B8D22 /* SaleAppUITests */ = {
			isa = PBXNativeTarget;
			buildConfigurationList = 5817C33221C5DF61003B8D22 /* Build configuration list for PBXNativeTarget "SaleAppUITests" */;
			buildPhases = (
				88307FF753C8EDB9DD230DD0 /* [CP] Check Pods Manifest.lock */,
				5817C31F21C5DF61003B8D22 /* Sources */,
				5817C32021C5DF61003B8D22 /* Frameworks */,
				5817C32121C5DF61003B8D22 /* Resources */,
				9F30CCDD88A6657EF1A9B3DF /* [CP] Embed Pods Frameworks */,
				C2B5F2AF76ABC613D301AA44 /* [CP] Copy Pods Resources */,
			);
			buildRules = (
			);
			dependencies = (
				5817C32521C5DF61003B8D22 /* PBXTargetDependency */,
			);
			name = SaleAppUITests;
			productName = SaleAppUITests;
			productReference = 5817C32321C5DF61003B8D22 /* SaleAppUITests.xctest */;
			productType = "com.apple.product-type.bundle.ui-testing";
		};
/* End PBXNativeTarget section */

/* Begin PBXProject section */
		5817C2F821C5DF5F003B8D22 /* Project object */ = {
			isa = PBXProject;
			attributes = {
				LastUpgradeCheck = 1010;
				ORGANIZATIONNAME = hechangqiye;
				TargetAttributes = {
					5817C2FF21C5DF5F003B8D22 = {
						CreatedOnToolsVersion = 10.1;
					};
					5817C31721C5DF61003B8D22 = {
						CreatedOnToolsVersion = 10.1;
						TestTargetID = 5817C2FF21C5DF5F003B8D22;
					};
					5817C32221C5DF61003B8D22 = {
						CreatedOnToolsVersion = 10.1;
						TestTargetID = 5817C2FF21C5DF5F003B8D22;
					};
				};
			};
			buildConfigurationList = 5817C2FB21C5DF5F003B8D22 /* Build configuration list for PBXProject "SaleApp" */;
			compatibilityVersion = "Xcode 9.3";
			developmentRegion = en;
			hasScannedForEncodings = 0;
			knownRegions = (
				en,
				Base,
			);
			mainGroup = 5817C2F721C5DF5F003B8D22;
			productRefGroup = 5817C30121C5DF5F003B8D22 /* Products */;
			projectDirPath = "";
			projectRoot = "";
			targets = (
				5817C2FF21C5DF5F003B8D22 /* SaleApp */,
				5817C31721C5DF61003B8D22 /* SaleAppTests */,
				5817C32221C5DF61003B8D22 /* SaleAppUITests */,
			);
		};
/* End PBXProject section */

/* Begin PBXResourcesBuildPhase section */
		5817C2FE21C5DF5F003B8D22 /* Resources */ = {
			isa = PBXResourcesBuildPhase;
			buildActionMask = 2147483647;
			files = (
				5817C31021C5DF61003B8D22 /* LaunchScreen.storyboard in Resources */,
				5817C30D21C5DF61003B8D22 /* Assets.xcassets in Resources */,
				5817C30B21C5DF5F003B8D22 /* Main.storyboard in Resources */,
			);
			runOnlyForDeploymentPostprocessing = 0;
		};
		5817C31621C5DF61003B8D22 /* Resources */ = {
			isa = PBXResourcesBuildPhase;
			buildActionMask = 2147483647;
			files = (
			);
			runOnlyForDeploymentPostprocessing = 0;
		};
		5817C32121C5DF61003B8D22 /* Resources */ = {
			isa = PBXResourcesBuildPhase;
			buildActionMask = 2147483647;
			files = (
			);
			runOnlyForDeploymentPostprocessing = 0;
		};
/* End PBXResourcesBuildPhase section */

/* Begin PBXShellScriptBuildPhase section */
		00409DE703A92ABDFC5869D4 /* [CP] Copy Pods Resources */ = {
			isa = PBXShellScriptBuildPhase;
			buildActionMask = 2147483647;
			files = (
			);
			inputPaths = (
			);
			name = "[CP] Copy Pods Resources";
			outputPaths = (
			);
			runOnlyForDeploymentPostprocessing = 0;
			shellPath = /bin/sh;
			shellScript = "\"${SRCROOT}/Pods/Target Support Files/Pods-SaleAppTests/Pods-SaleAppTests-resources.sh\"\n";
			showEnvVarsInLog = 0;
		};
		21B93D47D59D0E11EB32BD6B /* [CP] Check Pods Manifest.lock */ = {
			isa = PBXShellScriptBuildPhase;
			buildActionMask = 2147483647;
			files = (
			);
			inputPaths = (
				"${PODS_PODFILE_DIR_PATH}/Podfile.lock",
				"${PODS_ROOT}/Manifest.lock",
			);
			name = "[CP] Check Pods Manifest.lock";
			outputPaths = (
				"$(DERIVED_FILE_DIR)/Pods-SaleApp-checkManifestLockResult.txt",
			);
			runOnlyForDeploymentPostprocessing = 0;
			shellPath = /bin/sh;
			shellScript = "diff \"${PODS_PODFILE_DIR_PATH}/Podfile.lock\" \"${PODS_ROOT}/Manifest.lock\" > /dev/null\nif [ $? != 0 ] ; then\n    # print error to STDERR\n    echo \"error: The sandbox is not in sync with the Podfile.lock. Run 'pod install' or update your CocoaPods installation.\" >&2\n    exit 1\nfi\n# This output is used by Xcode 'outputs' to avoid re-running this script phase.\necho \"SUCCESS\" > \"${SCRIPT_OUTPUT_FILE_0}\"\n";
			showEnvVarsInLog = 0;
		};
		2D9141680F6222FEB599C6F7 /* [CP] Check Pods Manifest.lock */ = {
			isa = PBXShellScriptBuildPhase;
			buildActionMask = 2147483647;
			files = (
			);
			inputPaths = (
				"${PODS_PODFILE_DIR_PATH}/Podfile.lock",
				"${PODS_ROOT}/Manifest.lock",
			);
			name = "[CP] Check Pods Manifest.lock";
			outputPaths = (
				"$(DERIVED_FILE_DIR)/Pods-SaleAppTests-checkManifestLockResult.txt",
			);
			runOnlyForDeploymentPostprocessing = 0;
			shellPath = /bin/sh;
			shellScript = "diff \"${PODS_PODFILE_DIR_PATH}/Podfile.lock\" \"${PODS_ROOT}/Manifest.lock\" > /dev/null\nif [ $? != 0 ] ; then\n    # print error to STDERR\n    echo \"error: The sandbox is not in sync with the Podfile.lock. Run 'pod install' or update your CocoaPods installation.\" >&2\n    exit 1\nfi\n# This output is used by Xcode 'outputs' to avoid re-running this script phase.\necho \"SUCCESS\" > \"${SCRIPT_OUTPUT_FILE_0}\"\n";
			showEnvVarsInLog = 0;
		};
		3C9722D222D74BB25B7C4F38 /* [CP] Embed Pods Frameworks */ = {
			isa = PBXShellScriptBuildPhase;
			buildActionMask = 2147483647;
			files = (
			);
			inputPaths = (
			);
			name = "[CP] Embed Pods Frameworks";
			outputPaths = (
			);
			runOnlyForDeploymentPostprocessing = 0;
			shellPath = /bin/sh;
			shellScript = "\"${SRCROOT}/Pods/Target Support Files/Pods-SaleApp/Pods-SaleApp-frameworks.sh\"\n";
			showEnvVarsInLog = 0;
		};
		49D3F9F7AF79DE42EA62341E /* [CP] Copy Pods Resources */ = {
			isa = PBXShellScriptBuildPhase;
			buildActionMask = 2147483647;
			files = (
			);
			inputPaths = (
			);
			name = "[CP] Copy Pods Resources";
			outputPaths = (
			);
			runOnlyForDeploymentPostprocessing = 0;
			shellPath = /bin/sh;
			shellScript = "\"${SRCROOT}/Pods/Target Support Files/Pods-SaleApp/Pods-SaleApp-resources.sh\"\n";
			showEnvVarsInLog = 0;
		};
		88307FF753C8EDB9DD230DD0 /* [CP] Check Pods Manifest.lock */ = {
			isa = PBXShellScriptBuildPhase;
			buildActionMask = 2147483647;
			files = (
			);
			inputPaths = (
				"${PODS_PODFILE_DIR_PATH}/Podfile.lock",
				"${PODS_ROOT}/Manifest.lock",
			);
			name = "[CP] Check Pods Manifest.lock";
			outputPaths = (
				"$(DERIVED_FILE_DIR)/Pods-SaleAppUITests-checkManifestLockResult.txt",
			);
			runOnlyForDeploymentPostprocessing = 0;
			shellPath = /bin/sh;
			shellScript = "diff \"${PODS_PODFILE_DIR_PATH}/Podfile.lock\" \"${PODS_ROOT}/Manifest.lock\" > /dev/null\nif [ $? != 0 ] ; then\n    # print error to STDERR\n    echo \"error: The sandbox is not in sync with the Podfile.lock. Run 'pod install' or update your CocoaPods installation.\" >&2\n    exit 1\nfi\n# This output is used by Xcode 'outputs' to avoid re-running this script phase.\necho \"SUCCESS\" > \"${SCRIPT_OUTPUT_FILE_0}\"\n";
			showEnvVarsInLog = 0;
		};
		91EAC29BEE1BC3D135233117 /* [CP] Embed Pods Frameworks */ = {
			isa = PBXShellScriptBuildPhase;
			buildActionMask = 2147483647;
			files = (
			);
			inputPaths = (
			);
			name = "[CP] Embed Pods Frameworks";
			outputPaths = (
			);
			runOnlyForDeploymentPostprocessing = 0;
			shellPath = /bin/sh;
			shellScript = "\"${SRCROOT}/Pods/Target Support Files/Pods-SaleAppTests/Pods-SaleAppTests-frameworks.sh\"\n";
			showEnvVarsInLog = 0;
		};
		9F30CCDD88A6657EF1A9B3DF /* [CP] Embed Pods Frameworks */ = {
			isa = PBXShellScriptBuildPhase;
			buildActionMask = 2147483647;
			files = (
			);
			inputPaths = (
			);
			name = "[CP] Embed Pods Frameworks";
			outputPaths = (
			);
			runOnlyForDeploymentPostprocessing = 0;
			shellPath = /bin/sh;
			shellScript = "\"${SRCROOT}/Pods/Target Support Files/Pods-SaleAppUITests/Pods-SaleAppUITests-frameworks.sh\"\n";
			showEnvVarsInLog = 0;
		};
		C2B5F2AF76ABC613D301AA44 /* [CP] Copy Pods Resources */ = {
			isa = PBXShellScriptBuildPhase;
			buildActionMask = 2147483647;
			files = (
			);
			inputPaths = (
			);
			name = "[CP] Copy Pods Resources";
			outputPaths = (
			);
			runOnlyForDeploymentPostprocessing = 0;
			shellPath = /bin/sh;
			shellScript = "\"${SRCROOT}/Pods/Target Support Files/Pods-SaleAppUITests/Pods-SaleAppUITests-resources.sh\"\n";
			showEnvVarsInLog = 0;
		};
/* End PBXShellScriptBuildPhase section */

/* Begin PBXSourcesBuildPhase section */
		5817C2FC21C5DF5F003B8D22 /* Sources */ = {
			isa = PBXSourcesBuildPhase;
			buildActionMask = 2147483647;
			files = (
				5817C36421C5F918003B8D22 /* AnalyzeCtr.m in Sources */,
				5817C34C21C5E4F7003B8D22 /* UIView+KGViewExtend.m in Sources */,
				5817C36A21C5F9B9003B8D22 /* PersonCtr.m in Sources */,
				5817C34A21C5E4F7003B8D22 /* NSDictionary+CheakValue.m in Sources */,
				5817C30821C5DF5F003B8D22 /* ViewController.m in Sources */,
				5817C34D21C5E4F7003B8D22 /* UIColor+RGB.m in Sources */,
				5817C36E21C639D1003B8D22 /* HeadView.m in Sources */,
				5817C31321C5DF61003B8D22 /* main.m in Sources */,
				5817C30521C5DF5F003B8D22 /* AppDelegate.m in Sources */,
				5817C34921C5E4F7003B8D22 /* UIView+capture.m in Sources */,
				5817C35521C5F4A6003B8D22 /* MainCtr.m in Sources */,
				5875022321C6541D00D6108D /* LoginCtr.m in Sources */,
				5817C36721C5F9A0003B8D22 /* OrderCtr.m in Sources */,
				5817C34B21C5E4F7003B8D22 /* UIIamge+FixOrien.m in Sources */,
			);
			runOnlyForDeploymentPostprocessing = 0;
		};
		5817C31421C5DF61003B8D22 /* Sources */ = {
			isa = PBXSourcesBuildPhase;
			buildActionMask = 2147483647;
			files = (
				5817C31D21C5DF61003B8D22 /* SaleAppTests.m in Sources */,
			);
			runOnlyForDeploymentPostprocessing = 0;
		};
		5817C31F21C5DF61003B8D22 /* Sources */ = {
			isa = PBXSourcesBuildPhase;
			buildActionMask = 2147483647;
			files = (
				5817C32821C5DF61003B8D22 /* SaleAppUITests.m in Sources */,
			);
			runOnlyForDeploymentPostprocessing = 0;
		};
/* End PBXSourcesBuildPhase section */

/* Begin PBXTargetDependency section */
		5817C31A21C5DF61003B8D22 /* PBXTargetDependency */ = {
			isa = PBXTargetDependency;
			target = 5817C2FF21C5DF5F003B8D22 /* SaleApp */;
			targetProxy = 5817C31921C5DF61003B8D22 /* PBXContainerItemProxy */;
		};
		5817C32521C5DF61003B8D22 /* PBXTargetDependency */ = {
			isa = PBXTargetDependency;
			target = 5817C2FF21C5DF5F003B8D22 /* SaleApp */;
			targetProxy = 5817C32421C5DF61003B8D22 /* PBXContainerItemProxy */;
		};
/* End PBXTargetDependency section */

/* Begin PBXVariantGroup section */
		5817C30921C5DF5F003B8D22 /* Main.storyboard */ = {
			isa = PBXVariantGroup;
			children = (
				5817C30A21C5DF5F003B8D22 /* Base */,
			);
			name = Main.storyboard;
			sourceTree = "<group>";
		};
		5817C30E21C5DF61003B8D22 /* LaunchScreen.storyboard */ = {
			isa = PBXVariantGroup;
			children = (
				5817C30F21C5DF61003B8D22 /* Base */,
			);
			name = LaunchScreen.storyboard;
			sourceTree = "<group>";
		};
/* End PBXVariantGroup section */

/* Begin XCBuildConfiguration section */
		5817C32A21C5DF61003B8D22 /* Debug */ = {
			isa = XCBuildConfiguration;
			buildSettings = {
				ALWAYS_SEARCH_USER_PATHS = NO;
				CLANG_ANALYZER_NONNULL = YES;
				CLANG_ANALYZER_NUMBER_OBJECT_CONVERSION = YES_AGGRESSIVE;
				CLANG_CXX_LANGUAGE_STANDARD = "gnu++14";
				CLANG_CXX_LIBRARY = "libc++";
				CLANG_ENABLE_MODULES = YES;
				CLANG_ENABLE_OBJC_ARC = YES;
				CLANG_ENABLE_OBJC_WEAK = YES;
				CLANG_WARN_BLOCK_CAPTURE_AUTORELEASING = YES;
				CLANG_WARN_BOOL_CONVERSION = YES;
				CLANG_WARN_COMMA = YES;
				CLANG_WARN_CONSTANT_CONVERSION = YES;
				CLANG_WARN_DEPRECATED_OBJC_IMPLEMENTATIONS = YES;
				CLANG_WARN_DIRECT_OBJC_ISA_USAGE = YES_ERROR;
				CLANG_WARN_DOCUMENTATION_COMMENTS = YES;
				CLANG_WARN_EMPTY_BODY = YES;
				CLANG_WARN_ENUM_CONVERSION = YES;
				CLANG_WARN_INFINITE_RECURSION = YES;
				CLANG_WARN_INT_CONVERSION = YES;
				CLANG_WARN_NON_LITERAL_NULL_CONVERSION = YES;
				CLANG_WARN_OBJC_IMPLICIT_RETAIN_SELF = YES;
				CLANG_WARN_OBJC_LITERAL_CONVERSION = YES;
				CLANG_WARN_OBJC_ROOT_CLASS = YES_ERROR;
				CLANG_WARN_RANGE_LOOP_ANALYSIS = YES;
				CLANG_WARN_STRICT_PROTOTYPES = YES;
				CLANG_WARN_SUSPICIOUS_MOVE = YES;
				CLANG_WARN_UNGUARDED_AVAILABILITY = YES_AGGRESSIVE;
				CLANG_WARN_UNREACHABLE_CODE = YES;
				CLANG_WARN__DUPLICATE_METHOD_MATCH = YES;
				CODE_SIGN_IDENTITY = "iPhone Developer";
				COPY_PHASE_STRIP = NO;
				DEBUG_INFORMATION_FORMAT = dwarf;
				ENABLE_STRICT_OBJC_MSGSEND = YES;
				ENABLE_TESTABILITY = YES;
				GCC_C_LANGUAGE_STANDARD = gnu11;
				GCC_DYNAMIC_NO_PIC = NO;
				GCC_NO_COMMON_BLOCKS = YES;
				GCC_OPTIMIZATION_LEVEL = 0;
				GCC_PREPROCESSOR_DEFINITIONS = (
					"DEBUG=1",
					"$(inherited)",
				);
				GCC_WARN_64_TO_32_BIT_CONVERSION = YES;
				GCC_WARN_ABOUT_RETURN_TYPE = YES_ERROR;
				GCC_WARN_UNDECLARED_SELECTOR = YES;
				GCC_WARN_UNINITIALIZED_AUTOS = YES_AGGRESSIVE;
				GCC_WARN_UNUSED_FUNCTION = YES;
				GCC_WARN_UNUSED_VARIABLE = YES;
				IPHONEOS_DEPLOYMENT_TARGET = 12.1;
				MTL_ENABLE_DEBUG_INFO = INCLUDE_SOURCE;
				MTL_FAST_MATH = YES;
				ONLY_ACTIVE_ARCH = YES;
				SDKROOT = iphoneos;
			};
			name = Debug;
		};
		5817C32B21C5DF61003B8D22 /* Release */ = {
			isa = XCBuildConfiguration;
			buildSettings = {
				ALWAYS_SEARCH_USER_PATHS = NO;
				CLANG_ANALYZER_NONNULL = YES;
				CLANG_ANALYZER_NUMBER_OBJECT_CONVERSION = YES_AGGRESSIVE;
				CLANG_CXX_LANGUAGE_STANDARD = "gnu++14";
				CLANG_CXX_LIBRARY = "libc++";
				CLANG_ENABLE_MODULES = YES;
				CLANG_ENABLE_OBJC_ARC = YES;
				CLANG_ENABLE_OBJC_WEAK = YES;
				CLANG_WARN_BLOCK_CAPTURE_AUTORELEASING = YES;
				CLANG_WARN_BOOL_CONVERSION = YES;
				CLANG_WARN_COMMA = YES;
				CLANG_WARN_CONSTANT_CONVERSION = YES;
				CLANG_WARN_DEPRECATED_OBJC_IMPLEMENTATIONS = YES;
				CLANG_WARN_DIRECT_OBJC_ISA_USAGE = YES_ERROR;
				CLANG_WARN_DOCUMENTATION_COMMENTS = YES;
				CLANG_WARN_EMPTY_BODY = YES;
				CLANG_WARN_ENUM_CONVERSION = YES;
				CLANG_WARN_INFINITE_RECURSION = YES;
				CLANG_WARN_INT_CONVERSION = YES;
				CLANG_WARN_NON_LITERAL_NULL_CONVERSION = YES;
				CLANG_WARN_OBJC_IMPLICIT_RETAIN_SELF = YES;
				CLANG_WARN_OBJC_LITERAL_CONVERSION = YES;
				CLANG_WARN_OBJC_ROOT_CLASS = YES_ERROR;
				CLANG_WARN_RANGE_LOOP_ANALYSIS = YES;
				CLANG_WARN_STRICT_PROTOTYPES = YES;
				CLANG_WARN_SUSPICIOUS_MOVE = YES;
				CLANG_WARN_UNGUARDED_AVAILABILITY = YES_AGGRESSIVE;
				CLANG_WARN_UNREACHABLE_CODE = YES;
				CLANG_WARN__DUPLICATE_METHOD_MATCH = YES;
				CODE_SIGN_IDENTITY = "iPhone Developer";
				COPY_PHASE_STRIP = NO;
				DEBUG_INFORMATION_FORMAT = "dwarf-with-dsym";
				ENABLE_NS_ASSERTIONS = NO;
				ENABLE_STRICT_OBJC_MSGSEND = YES;
				GCC_C_LANGUAGE_STANDARD = gnu11;
				GCC_NO_COMMON_BLOCKS = YES;
				GCC_WARN_64_TO_32_BIT_CONVERSION = YES;
				GCC_WARN_ABOUT_RETURN_TYPE = YES_ERROR;
				GCC_WARN_UNDECLARED_SELECTOR = YES;
				GCC_WARN_UNINITIALIZED_AUTOS = YES_AGGRESSIVE;
				GCC_WARN_UNUSED_FUNCTION = YES;
				GCC_WARN_UNUSED_VARIABLE = YES;
				IPHONEOS_DEPLOYMENT_TARGET = 12.1;
				MTL_ENABLE_DEBUG_INFO = NO;
				MTL_FAST_MATH = YES;
				SDKROOT = iphoneos;
				VALIDATE_PRODUCT = YES;
			};
			name = Release;
		};
		5817C32D21C5DF61003B8D22 /* Debug */ = {
			isa = XCBuildConfiguration;
			baseConfigurationReference = 7FC2D1CBEB721DCF61B59BF8 /* Pods-SaleApp.debug.xcconfig */;
			buildSettings = {
				ASSETCATALOG_COMPILER_APPICON_NAME = AppIcon;
				CODE_SIGN_STYLE = Automatic;
				DEVELOPMENT_TEAM = LN5Z4LQL2H;
				GCC_PRECOMPILE_PREFIX_HEADER = YES;
				GCC_PREFIX_HEADER = "$(SRCROOT)/SaleApp/PrefixHeader.pch";
				INFOPLIST_FILE = SaleApp/Info.plist;
				LD_RUNPATH_SEARCH_PATHS = (
					"$(inherited)",
					"@executable_path/Frameworks",
				);
				PRODUCT_BUNDLE_IDENTIFIER = com.hechangqiye.SaleApp;
				PRODUCT_NAME = "$(TARGET_NAME)";
				TARGETED_DEVICE_FAMILY = "1,2";
			};
			name = Debug;
		};
		5817C32E21C5DF61003B8D22 /* Release */ = {
			isa = XCBuildConfiguration;
			baseConfigurationReference = F8AD68BD1921E39EAE89BFB8 /* Pods-SaleApp.release.xcconfig */;
			buildSettings = {
				ASSETCATALOG_COMPILER_APPICON_NAME = AppIcon;
				CODE_SIGN_STYLE = Automatic;
				DEVELOPMENT_TEAM = LN5Z4LQL2H;
				GCC_PRECOMPILE_PREFIX_HEADER = YES;
				GCC_PREFIX_HEADER = "$(SRCROOT)/SaleApp/PrefixHeader.pch";
				INFOPLIST_FILE = SaleApp/Info.plist;
				LD_RUNPATH_SEARCH_PATHS = (
					"$(inherited)",
					"@executable_path/Frameworks",
				);
				PRODUCT_BUNDLE_IDENTIFIER = com.hechangqiye.SaleApp;
				PRODUCT_NAME = "$(TARGET_NAME)";
				TARGETED_DEVICE_FAMILY = "1,2";
			};
			name = Release;
		};
		5817C33021C5DF61003B8D22 /* Debug */ = {
			isa = XCBuildConfiguration;
			baseConfigurationReference = 0EA0049D221E463FD69A9D74 /* Pods-SaleAppTests.debug.xcconfig */;
			buildSettings = {
				BUNDLE_LOADER = "$(TEST_HOST)";
				CODE_SIGN_STYLE = Automatic;
				DEVELOPMENT_TEAM = LN5Z4LQL2H;
				INFOPLIST_FILE = SaleAppTests/Info.plist;
				LD_RUNPATH_SEARCH_PATHS = (
					"$(inherited)",
					"@executable_path/Frameworks",
					"@loader_path/Frameworks",
				);
				PRODUCT_BUNDLE_IDENTIFIER = com.hechangqiye.SaleAppTests;
				PRODUCT_NAME = "$(TARGET_NAME)";
				TARGETED_DEVICE_FAMILY = "1,2";
				TEST_HOST = "$(BUILT_PRODUCTS_DIR)/SaleApp.app/SaleApp";
			};
			name = Debug;
		};
		5817C33121C5DF61003B8D22 /* Release */ = {
			isa = XCBuildConfiguration;
			baseConfigurationReference = F2FBCB79C6A24A7EE5BEDDD3 /* Pods-SaleAppTests.release.xcconfig */;
			buildSettings = {
				BUNDLE_LOADER = "$(TEST_HOST)";
				CODE_SIGN_STYLE = Automatic;
				DEVELOPMENT_TEAM = LN5Z4LQL2H;
				INFOPLIST_FILE = SaleAppTests/Info.plist;
				LD_RUNPATH_SEARCH_PATHS = (
					"$(inherited)",
					"@executable_path/Frameworks",
					"@loader_path/Frameworks",
				);
				PRODUCT_BUNDLE_IDENTIFIER = com.hechangqiye.SaleAppTests;
				PRODUCT_NAME = "$(TARGET_NAME)";
				TARGETED_DEVICE_FAMILY = "1,2";
				TEST_HOST = "$(BUILT_PRODUCTS_DIR)/SaleApp.app/SaleApp";
			};
			name = Release;
		};
		5817C33321C5DF61003B8D22 /* Debug */ = {
			isa = XCBuildConfiguration;
			baseConfigurationReference = 1E596DE85AA3729DABCFC9DD /* Pods-SaleAppUITests.debug.xcconfig */;
			buildSettings = {
				CODE_SIGN_STYLE = Automatic;
				DEVELOPMENT_TEAM = LN5Z4LQL2H;
				INFOPLIST_FILE = SaleAppUITests/Info.plist;
				LD_RUNPATH_SEARCH_PATHS = (
					"$(inherited)",
					"@executable_path/Frameworks",
					"@loader_path/Frameworks",
				);
				PRODUCT_BUNDLE_IDENTIFIER = com.hechangqiye.SaleAppUITests;
				PRODUCT_NAME = "$(TARGET_NAME)";
				TARGETED_DEVICE_FAMILY = "1,2";
				TEST_TARGET_NAME = SaleApp;
			};
			name = Debug;
		};
		5817C33421C5DF61003B8D22 /* Release */ = {
			isa = XCBuildConfiguration;
			baseConfigurationReference = B4F8385A754CA9643EF55F29 /* Pods-SaleAppUITests.release.xcconfig */;
			buildSettings = {
				CODE_SIGN_STYLE = Automatic;
				DEVELOPMENT_TEAM = LN5Z4LQL2H;
				INFOPLIST_FILE = SaleAppUITests/Info.plist;
				LD_RUNPATH_SEARCH_PATHS = (
					"$(inherited)",
					"@executable_path/Frameworks",
					"@loader_path/Frameworks",
				);
				PRODUCT_BUNDLE_IDENTIFIER = com.hechangqiye.SaleAppUITests;
				PRODUCT_NAME = "$(TARGET_NAME)";
				TARGETED_DEVICE_FAMILY = "1,2";
				TEST_TARGET_NAME = SaleApp;
			};
			name = Release;
		};
/* End XCBuildConfiguration section */

/* Begin XCConfigurationList section */
		5817C2FB21C5DF5F003B8D22 /* Build configuration list for PBXProject "SaleApp" */ = {
			isa = XCConfigurationList;
			buildConfigurations = (
				5817C32A21C5DF61003B8D22 /* Debug */,
				5817C32B21C5DF61003B8D22 /* Release */,
			);
			defaultConfigurationIsVisible = 0;
			defaultConfigurationName = Release;
		};
		5817C32C21C5DF61003B8D22 /* Build configuration list for PBXNativeTarget "SaleApp" */ = {
			isa = XCConfigurationList;
			buildConfigurations = (
				5817C32D21C5DF61003B8D22 /* Debug */,
				5817C32E21C5DF61003B8D22 /* Release */,
			);
			defaultConfigurationIsVisible = 0;
			defaultConfigurationName = Release;
		};
		5817C32F21C5DF61003B8D22 /* Build configuration list for PBXNativeTarget "SaleAppTests" */ = {
			isa = XCConfigurationList;
			buildConfigurations = (
				5817C33021C5DF61003B8D22 /* Debug */,
				5817C33121C5DF61003B8D22 /* Release */,
			);
			defaultConfigurationIsVisible = 0;
			defaultConfigurationName = Release;
		};
		5817C33221C5DF61003B8D22 /* Build configuration list for PBXNativeTarget "SaleAppUITests" */ = {
			isa = XCConfigurationList;
			buildConfigurations = (
				5817C33321C5DF61003B8D22 /* Debug */,
				5817C33421C5DF61003B8D22 /* Release */,
			);
			defaultConfigurationIsVisible = 0;
			defaultConfigurationName = Release;
		};
/* End XCConfigurationList section */
	};
	rootObject = 5817C2F821C5DF5F003B8D22 /* Project object */;
}
